
Microsoft Visual Studio Solution File, Format Version 12.00
# Visual Studio Version 17
VisualStudioVersion = 17.1.32328.378
MinimumVisualStudioVersion = 10.0.40219.1
Project("{9A19103F-16F7-4668-BE54-9A1E7A4F7556}") = "Ultra77Razor", "Ultra77Razor\Ultra77Razor.csproj", "{134C1126-77E7-412F-BF1C-51C27F8CC110}"
EndProject
Global
	GlobalSection(SolutionConfigurationPlatforms) = preSolution
		Debug|Any CPU = Debug|Any CPU
		Release|Any CPU = Release|Any CPU
	EndGlobalSection
	GlobalSection(ProjectConfigurationPlatforms) = postSolution
		{134C1126-77E7-412F-BF1C-51C27F8CC110}.Debug|Any CPU.ActiveCfg = Debug|Any CPU
		{134C1126-77E7-412F-BF1C-51C27F8CC110}.Debug|Any CPU.Build.0 = Debug|Any CPU
		{134C1126-77E7-412F-BF1C-51C27F8CC110}.Release|Any CPU.ActiveCfg = Release|Any CPU
		{134C1126-77E7-412F-BF1C-51C27F8CC110}.Release|Any CPU.Build.0 = Release|Any CPU
	EndGlobalSection
	GlobalSection(SolutionProperties) = preSolution
		HideSolutionNode = FALSE
	EndGlobalSection
	GlobalSection(ExtensibilityGlobals) = postSolution
		SolutionGuid = {F8889AE6-1192-45A7-997B-B294CFE90605}
	EndGlobalSection
EndGlobal
